{
  "name": "codeparty-marketing",
  "version": "0.0.0",
  "dependencies": {
    "express": {
      "version": "2.5.9",
      "dependencies": {
        "connect": {
          "version": "1.8.7",
          "dependencies": {
            "formidable": {
              "version": "1.0.9"
            }
          }
        },
        "mime": {
          "version": "1.2.4"
        },
        "qs": {
          "version": "0.4.2"
        },
        "mkdirp": {
          "version": "0.3.0"
        }
      }
    },
    "http-proxy": {
      "version": "0.8.0",
      "dependencies": {
        "colors": {
          "version": "0.6.0-1"
        },
        "optimist": {
          "version": "0.2.8",
          "dependencies": {
            "wordwrap": {
              "version": "0.0.2"
            }
          }
        },
        "pkginfo": {
          "version": "0.2.3"
        }
      }
    },
    "derby-examples": {
      "version": "0.3.2",
      "dependencies": {
        "derby": {
          "version": "0.3.2",
          "dependencies": {
            "qs": {
              "version": "0.4.2"
            },
            "stylus": {
              "version": "0.25.0",
              "dependencies": {
                "cssom": {
                  "version": "0.2.3"
                },
                "debug": {
                  "version": "0.6.0"
                }
              }
            },
            "less": {
              "version": "1.3.0"
            },
            "nib": {
              "version": "0.4.1"
            },
            "commander": {
              "version": "0.6.0"
            },
            "mkdirp": {
              "version": "0.3.1"
            },
            "up": {
              "version": "0.1.7",
              "dependencies": {
                "eq": {
                  "version": "0.1.0"
                },
                "ms": {
                  "version": "0.1.0"
                },
                "debug": {
                  "version": "0.1.0"
                },
                "commander": {
                  "version": "0.5.1"
                },
                "distribute": {
                  "version": "0.1.4"
                }
              }
            }
          }
        },
        "express": {
          "version": "3.0.0alpha1",
          "dependencies": {
            "connect": {
              "version": "2.1.2",
              "dependencies": {
                "qs": {
                  "version": "0.4.2"
                },
                "mime": {
                  "version": "1.2.4"
                },
                "formidable": {
                  "version": "1.0.9"
                },
                "crc": {
                  "version": "0.1.0"
                }
              }
            },
            "commander": {
              "version": "0.5.2"
            },
            "mime": {
              "version": "1.2.5"
            },
            "mkdirp": {
              "version": "0.3.1"
            },
            "debug": {
              "version": "0.6.0"
            }
          }
        },
        "gzippo": {
          "version": "0.1.4",
          "dependencies": {
            "mime": {
              "version": "1.2.5"
            }
          }
        },
        "racer-db-mongo": {
          "version": "0.3.2",
          "dependencies": {
            "mongodb": {
              "version": "0.9.9-8",
              "dependencies": {
                "bson": {
                  "version": "0.0.4"
                }
              }
            }
          }
        },
        "connect-mongo": {
          "version": "0.1.9",
          "dependencies": {
            "mongodb": {
              "version": "0.9.9-8",
              "dependencies": {
                "bson": {
                  "version": "0.0.4"
                }
              }
            }
          }
        }
      }
    },
    "racer": {
      "version": "0.3.2",
      "dependencies": {
        "socket.io": {
          "version": "0.9.6",
          "dependencies": {
            "policyfile": {
              "version": "0.0.4"
            },
            "redis": {
              "version": "0.6.7"
            }
          }
        },
        "socket.io-client": {
          "version": "0.9.6",
          "dependencies": {
            "uglify-js": {
              "version": "1.2.5"
            },
            "ws": {
              "version": "0.4.13",
              "dependencies": {
                "commander": {
                  "version": "0.5.2"
                },
                "options": {
                  "version": "0.0.3"
                }
              }
            },
            "xmlhttprequest": {
              "version": "1.2.2"
            },
            "active-x-obfuscator": {
              "version": "0.0.1",
              "dependencies": {
                "zeparser": {
                  "version": "0.0.5"
                }
              }
            }
          }
        },
        "es5-shim": {
          "version": "1.2.10"
        },
        "browserify": {
          "version": "git://github.com/nateps/node-browserify.git",
          "dependencies": {
            "detective": {
              "version": "0.1.0"
            },
            "deputy": {
              "version": "0.0.0",
              "dependencies": {
                "mkdirp": {
                  "version": "0.2.2"
                },
                "detective": {
                  "version": "0.0.4",
                  "dependencies": {
                    "burrito": {
                      "version": "0.2.11",
                      "dependencies": {
                        "traverse": {
                          "version": "0.5.2"
                        },
                        "uglify-js": {
                          "version": "1.0.7"
                        }
                      }
                    }
                  }
                }
              }
            },
            "resolve": {
              "version": "0.2.1"
            },
            "nub": {
              "version": "0.0.0"
            },
            "commondir": {
              "version": "0.0.1"
            },
            "coffee-script": {
              "version": "1.1.3"
            },
            "optimist": {
              "version": "0.2.8",
              "dependencies": {
                "wordwrap": {
                  "version": "0.0.2"
                }
              }
            },
            "http-browserify": {
              "version": "0.1.1"
            },
            "vm-browserify": {
              "version": "0.0.1"
            }
          }
        },
        "uglify-js": {
          "version": "1.2.6"
        },
        "share": {
          "version": "0.4.1",
          "dependencies": {
            "socket.io": {
              "version": "0.8.7",
              "dependencies": {
                "policyfile": {
                  "version": "0.0.4"
                },
                "redis": {
                  "version": "0.6.7"
                }
              }
            },
            "socket.io-client": {
              "version": "0.8.7",
              "dependencies": {
                "uglify-js": {
                  "version": "1.0.6"
                },
                "websocket-client": {
                  "version": "1.0.0"
                },
                "xmlhttprequest": {
                  "version": "1.2.2"
                }
              }
            },
            "connect": {
              "version": "1.8.7",
              "dependencies": {
                "qs": {
                  "version": "0.4.2"
                },
                "mime": {
                  "version": "1.2.5"
                },
                "formidable": {
                  "version": "1.0.9"
                }
              }
            },
            "optimist": {
              "version": "0.3.1",
              "dependencies": {
                "wordwrap": {
                  "version": "0.0.2"
                }
              }
            },
            "hat": {
              "version": "0.0.3"
            }
          }
        },
        "node-uuid": {
          "version": "1.3.3"
        }
      }
    },
    "connect-gzip": {
      "version": "0.1.6",
      "dependencies": {
        "connect": {
          "version": "1.8.7",
          "dependencies": {
            "qs": {
              "version": "0.4.2"
            },
            "formidable": {
              "version": "1.0.9"
            }
          }
        },
        "mime": {
          "version": "1.2.5"
        }
      }
    }
  }
}
